// !$*UTF8*$!
{
	archiveVersion = 1;
	classes = {
	};
	objectVersion = 46;
	objects = {

/* Begin PBXBuildFile section */
		2B28A0D81A2D25C60051AE3E /* AppDelegate.swift in Sources */ = {isa = PBXBuildFile; fileRef = 2B28A0D71A2D25C60051AE3E /* AppDelegate.swift */; };
		2B28A0DA1A2D25C60051AE3E /* ViewController.swift in Sources */ = {isa = PBXBuildFile; fileRef = 2B28A0D91A2D25C60051AE3E /* ViewController.swift */; };
		2B28A0DD1A2D25C60051AE3E /* Main.storyboard in Resources */ = {isa = PBXBuildFile; fileRef = 2B28A0DB1A2D25C60051AE3E /* Main.storyboard */; };
		2B28A0DF1A2D25C60051AE3E /* Images.xcassets in Resources */ = {isa = PBXBuildFile; fileRef = 2B28A0DE1A2D25C60051AE3E /* Images.xcassets */; };
		2B28A0E21A2D25C60051AE3E /* LaunchScreen.xib in Resources */ = {isa = PBXBuildFile; fileRef = 2B28A0E01A2D25C60051AE3E /* LaunchScreen.xib */; };
		2B28A0EE1A2D25C60051AE3E /* StoryboardPushSegueTests.swift in Sources */ = {isa = PBXBuildFile; fileRef = 2B28A0ED1A2D25C60051AE3E /* StoryboardPushSegueTests.swift */; };
		2B28A0F81A2D2D710051AE3E /* ViewController2.swift in Sources */ = {isa = PBXBuildFile; fileRef = 2B28A0F71A2D2D710051AE3E /* ViewController2.swift */; };
/* End PBXBuildFile section */

/* Begin PBXContainerItemProxy section */
		2B28A0E81A2D25C60051AE3E /* PBXContainerItemProxy */ = {
			isa = PBXContainerItemProxy;
			containerPortal = 2B28A0CA1A2D25C60051AE3E /* Project object */;
			proxyType = 1;
			remoteGlobalIDString = 2B28A0D11A2D25C60051AE3E;
			remoteInfo = StoryboardPushSegue;
		};
/* End PBXContainerItemProxy section */

/* Begin PBXFileReference section */
		2B28A0D21A2D25C60051AE3E /* StoryboardPushSegue.app */ = {isa = PBXFileReference; explicitFileType = wrapper.application; includeInIndex = 0; path = StoryboardPushSegue.app; sourceTree = BUILT_PRODUCTS_DIR; };
		2B28A0D61A2D25C60051AE3E /* Info.plist */ = {isa = PBXFileReference; lastKnownFileType = text.plist.xml; path = Info.plist; sourceTree = "<group>"; };
		2B28A0D71A2D25C60051AE3E /* AppDelegate.swift */ = {isa = PBXFileReference; lastKnownFileType = sourcecode.swift; path = AppDelegate.swift; sourceTree = "<group>"; };
		2B28A0D91A2D25C60051AE3E /* ViewController.swift */ = {isa = PBXFileReference; lastKnownFileType = sourcecode.swift; path = ViewController.swift; sourceTree = "<group>"; };
		2B28A0DC1A2D25C60051AE3E /* Base */ = {isa = PBXFileReference; lastKnownFileType = file.storyboard; name = Base; path = Base.lproj/Main.storyboard; sourceTree = "<group>"; };
		2B28A0DE1A2D25C60051AE3E /* Images.xcassets */ = {isa = PBXFileReference; lastKnownFileType = folder.assetcatalog; path = Images.xcassets; sourceTree = "<group>"; };
		2B28A0E11A2D25C60051AE3E /* Base */ = {isa = PBXFileReference; lastKnownFileType = file.xib; name = Base; path = Base.lproj/LaunchScreen.xib; sourceTree = "<group>"; };
		2B28A0E71A2D25C60051AE3E /* StoryboardPushSegueTests.xctest */ = {isa = PBXFileReference; explicitFileType = wrapper.cfbundle; includeInIndex = 0; path = StoryboardPushSegueTests.xctest; sourceTree = BUILT_PRODUCTS_DIR; };
		2B28A0EC1A2D25C60051AE3E /* Info.plist */ = {isa = PBXFileReference; lastKnownFileType = text.plist.xml; path = Info.plist; sourceTree = "<group>"; };
		2B28A0ED1A2D25C60051AE3E /* StoryboardPushSegueTests.swift */ = {isa = PBXFileReference; lastKnownFileType = sourcecode.swift; path = StoryboardPushSegueTests.swift; sourceTree = "<group>"; };
		2B28A0F71A2D2D710051AE3E /* ViewController2.swift */ = {isa = PBXFileReference; fileEncoding = 4; lastKnownFileType = sourcecode.swift; name = ViewController2.swift; path = ../ViewController2.swift; sourceTree = "<group>"; };
/* End PBXFileReference section */

/* Begin PBXFrameworksBuildPhase section */
		2B28A0CF1A2D25C60051AE3E /* Frameworks */ = {
			isa = PBXFrameworksBuildPhase;
			buildActionMask = 2147483647;
			files = (
			);
			runOnlyForDeploymentPostprocessing = 0;
		};
		2B28A0E41A2D25C60051AE3E /* Frameworks */ = {
			isa = PBXFrameworksBuildPhase;
			buildActionMask = 2147483647;
			files = (
			);
			runOnlyForDeploymentPostprocessing = 0;
		};
/* End PBXFrameworksBuildPhase section */

/* Begin PBXGroup section */
		2B28A0C91A2D25C60051AE3E = {
			isa = PBXGroup;
			children = (
				2B28A0D41A2D25C60051AE3E /* StoryboardPushSegue */,
				2B28A0EA1A2D25C60051AE3E /* StoryboardPushSegueTests */,
				2B28A0D31A2D25C60051AE3E /* Products */,
			);
			sourceTree = "<group>";
		};
		2B28A0D31A2D25C60051AE3E /* Products */ = {
			isa = PBXGroup;
			children = (
				2B28A0D21A2D25C60051AE3E /* StoryboardPushSegue.app */,
				2B28A0E71A2D25C60051AE3E /* StoryboardPushSegueTests.xctest */,
			);
			name = Products;
			sourceTree = "<group>";
		};
		2B28A0D41A2D25C60051AE3E /* StoryboardPushSegue */ = {
			isa = PBXGroup;
			children = (
				2B28A0D91A2D25C60051AE3E /* ViewController.swift */,
				2B28A0F71A2D2D710051AE3E /* ViewController2.swift */,
				2B28A0D71A2D25C60051AE3E /* AppDelegate.swift */,
				2B28A0DB1A2D25C60051AE3E /* Main.storyboard */,
				2B28A0DE1A2D25C60051AE3E /* Images.xcassets */,
				2B28A0E01A2D25C60051AE3E /* LaunchScreen.xib */,
				2B28A0D51A2D25C60051AE3E /* Supporting Files */,
			);
			path = StoryboardPushSegue;
			sourceTree = "<group>";
		};
		2B28A0D51A2D25C60051AE3E /* Supporting Files */ = {
			isa = PBXGroup;
			children = (
				2B28A0D61A2D25C60051AE3E /* Info.plist */,
			);
			name = "Supporting Files";
			sourceTree = "<group>";
		};
		2B28A0EA1A2D25C60051AE3E /* StoryboardPushSegueTests */ = {
			isa = PBXGroup;
			children = (
				2B28A0ED1A2D25C60051AE3E /* StoryboardPushSegueTests.swift */,
				2B28A0EB1A2D25C60051AE3E /* Supporting Files */,
			);
			path = StoryboardPushSegueTests;
			sourceTree = "<group>";
		};
		2B28A0EB1A2D25C60051AE3E /* Supporting Files */ = {
			isa = PBXGroup;
			children = (
				2B28A0EC1A2D25C60051AE3E /* Info.plist */,
			);
			name = "Supporting Files";
			sourceTree = "<group>";
		};
/* End PBXGroup section */

/* Begin PBXNativeTarget section */
		2B28A0D11A2D25C60051AE3E /* StoryboardPushSegue */ = {
			isa = PBXNativeTarget;
			buildConfigurationList = 2B28A0F11A2D25C60051AE3E /* Build configuration list for PBXNativeTarget "StoryboardPushSegue" */;
			buildPhases = (
				2B28A0CE1A2D25C60051AE3E /* Sources */,
				2B28A0CF1A2D25C60051AE3E /* Frameworks */,
				2B28A0D01A2D25C60051AE3E /* Resources */,
			);
			buildRules = (
			);
			dependencies = (
			);
			name = StoryboardPushSegue;
			productName = StoryboardPushSegue;
			productReference = 2B28A0D21A2D25C60051AE3E /* StoryboardPushSegue.app */;
			productType = "com.apple.product-type.application";
		};
		2B28A0E61A2D25C60051AE3E /* StoryboardPushSegueTests */ = {
			isa = PBXNativeTarget;
			buildConfigurationList = 2B28A0F41A2D25C60051AE3E /* Build configuration list for PBXNativeTarget "StoryboardPushSegueTests" */;
			buildPhases = (
				2B28A0E31A2D25C60051AE3E /* Sources */,
				2B28A0E41A2D25C60051AE3E /* Frameworks */,
				2B28A0E51A2D25C60051AE3E /* Resources */,
			);
			buildRules = (
			);
			dependencies = (
				2B28A0E91A2D25C60051AE3E /* PBXTargetDependency */,
			);
			name = StoryboardPushSegueTests;
			productName = StoryboardPushSegueTests;
			productReference = 2B28A0E71A2D25C60051AE3E /* StoryboardPushSegueTests.xctest */;
			productType = "com.apple.product-type.bundle.unit-test";
		};
/* End PBXNativeTarget section */

/* Begin PBXProject section */
		2B28A0CA1A2D25C60051AE3E /* Project object */ = {
			isa = PBXProject;
			attributes = {
				LastUpgradeCheck = 0610;
				ORGANIZATIONNAME = "Pete Petrash";
				TargetAttributes = {
					2B28A0D11A2D25C60051AE3E = {
						CreatedOnToolsVersion = 6.1;
					};
					2B28A0E61A2D25C60051AE3E = {
						CreatedOnToolsVersion = 6.1;
						TestTargetID = 2B28A0D11A2D25C60051AE3E;
					};
				};
			};
			buildConfigurationList = 2B28A0CD1A2D25C60051AE3E /* Build configuration list for PBXProject "StoryboardPushSegue" */;
			compatibilityVersion = "Xcode 3.2";
			developmentRegion = English;
			hasScannedForEncodings = 0;
			knownRegions = (
				en,
				Base,
			);
			mainGroup = 2B28A0C91A2D25C60051AE3E;
			productRefGroup = 2B28A0D31A2D25C60051AE3E /* Products */;
			projectDirPath = "";
			projectRoot = "";
			targets = (
				2B28A0D11A2D25C60051AE3E /* StoryboardPushSegue */,
				2B28A0E61A2D25C60051AE3E /* StoryboardPushSegueTests */,
			);
		};
/* End PBXProject section */

/* Begin PBXResourcesBuildPhase section */
		2B28A0D01A2D25C60051AE3E /* Resources */ = {
			isa = PBXResourcesBuildPhase;
			buildActionMask = 2147483647;
			files = (
				2B28A0DD1A2D25C60051AE3E /* Main.storyboard in Resources */,
				2B28A0E21A2D25C60051AE3E /* LaunchScreen.xib in Resources */,
				2B28A0DF1A2D25C60051AE3E /* Images.xcassets in Resources */,
			);
			runOnlyForDeploymentPostprocessing = 0;
		};
		2B28A0E51A2D25C60051AE3E /* Resources */ = {
			isa = PBXResourcesBuildPhase;
			buildActionMask = 2147483647;
			files = (
			);
			runOnlyForDeploymentPostprocessing = 0;
		};
/* End PBXResourcesBuildPhase section */

/* Begin PBXSourcesBuildPhase section */
		2B28A0CE1A2D25C60051AE3E /* Sources */ = {
			isa = PBXSourcesBuildPhase;
			buildActionMask = 2147483647;
			files = (
				2B28A0DA1A2D25C60051AE3E /* ViewController.swift in Sources */,
				2B28A0D81A2D25C60051AE3E /* AppDelegate.swift in Sources */,
				2B28A0F81A2D2D710051AE3E /* ViewController2.swift in Sources */,
			);
			runOnlyForDeploymentPostprocessing = 0;
		};
		2B28A0E31A2D25C60051AE3E /* Sources */ = {
			isa = PBXSourcesBuildPhase;
			buildActionMask = 2147483647;
			files = (
				2B28A0EE1A2D25C60051AE3E /* StoryboardPushSegueTests.swift in Sources */,
			);
			runOnlyForDeploymentPostprocessing = 0;
		};
/* End PBXSourcesBuildPhase section */

/* Begin PBXTargetDependency section */
		2B28A0E91A2D25C60051AE3E /* PBXTargetDependency */ = {
			isa = PBXTargetDependency;
			target = 2B28A0D11A2D25C60051AE3E /* StoryboardPushSegue */;
			targetProxy = 2B28A0E81A2D25C60051AE3E /* PBXContainerItemProxy */;
		};
/* End PBXTargetDependency section */

/* Begin PBXVariantGroup section */
		2B28A0DB1A2D25C60051AE3E /* Main.storyboard */ = {
			isa = PBXVariantGroup;
			children = (
				2B28A0DC1A2D25C60051AE3E /* Base */,
			);
			name = Main.storyboard;
			sourceTree = "<group>";
		};
		2B28A0E01A2D25C60051AE3E /* LaunchScreen.xib */ = {
			isa = PBXVariantGroup;
			children = (
				2B28A0E11A2D25C60051AE3E /* Base */,
			);
			name = LaunchScreen.xib;
			sourceTree = "<group>";
		};
/* End PBXVariantGroup section */

/* Begin XCBuildConfiguration section */
		2B28A0EF1A2D25C60051AE3E /* Debug */ = {
			isa = XCBuildConfiguration;
			buildSettings = {
				ALWAYS_SEARCH_USER_PATHS = NO;
				CLANG_CXX_LANGUAGE_STANDARD = "gnu++0x";
				CLANG_CXX_LIBRARY = "libc++";
				CLANG_ENABLE_MODULES = YES;
				CLANG_ENABLE_OBJC_ARC = YES;
				CLANG_WARN_BOOL_CONVERSION = YES;
				CLANG_WARN_CONSTANT_CONVERSION = YES;
				CLANG_WARN_DIRECT_OBJC_ISA_USAGE = YES_ERROR;
				CLANG_WARN_EMPTY_BODY = YES;
				CLANG_WARN_ENUM_CONVERSION = YES;
				CLANG_WARN_INT_CONVERSION = YES;
				CLANG_WARN_OBJC_ROOT_CLASS = YES_ERROR;
				CLANG_WARN_UNREACHABLE_CODE = YES;
				CLANG_WARN__DUPLICATE_METHOD_MATCH = YES;
				"CODE_SIGN_IDENTITY[sdk=iphoneos*]" = "iPhone Developer";
				COPY_PHASE_STRIP = NO;
				ENABLE_STRICT_OBJC_MSGSEND = YES;
				GCC_C_LANGUAGE_STANDARD = gnu99;
				GCC_DYNAMIC_NO_PIC = NO;
				GCC_OPTIMIZATION_LEVEL = 0;
				GCC_PREPROCESSOR_DEFINITIONS = (
					"DEBUG=1",
					"$(inherited)",
				);
				GCC_SYMBOLS_PRIVATE_EXTERN = NO;
				GCC_WARN_64_TO_32_BIT_CONVERSION = YES;
				GCC_WARN_ABOUT_RETURN_TYPE = YES_ERROR;
				GCC_WARN_UNDECLARED_SELECTOR = YES;
				GCC_WARN_UNINITIALIZED_AUTOS = YES_AGGRESSIVE;
				GCC_WARN_UNUSED_FUNCTION = YES;
				GCC_WARN_UNUSED_VARIABLE = YES;
				IPHONEOS_DEPLOYMENT_TARGET = 8.1;
				MTL_ENABLE_DEBUG_INFO = YES;
				ONLY_ACTIVE_ARCH = YES;
				SDKROOT = iphoneos;
				SWIFT_OPTIMIZATION_LEVEL = "-Onone";
			};
			name = Debug;
		};
		2B28A0F01A2D25C60051AE3E /* Release */ = {
			isa = XCBuildConfiguration;
			buildSettings = {
				ALWAYS_SEARCH_USER_PATHS = NO;
				CLANG_CXX_LANGUAGE_STANDARD = "gnu++0x";
				CLANG_CXX_LIBRARY = "libc++";
				CLANG_ENABLE_MODULES = YES;
				CLANG_ENABLE_OBJC_ARC = YES;
				CLANG_WARN_BOOL_CONVERSION = YES;
				CLANG_WARN_CONSTANT_CONVERSION = YES;
				CLANG_WARN_DIRECT_OBJC_ISA_USAGE = YES_ERROR;
				CLANG_WARN_EMPTY_BODY = YES;
				CLANG_WARN_ENUM_CONVERSION = YES;
				CLANG_WARN_INT_CONVERSION = YES;
				CLANG_WARN_OBJC_ROOT_CLASS = YES_ERROR;
				CLANG_WARN_UNREACHABLE_CODE = YES;
				CLANG_WARN__DUPLICATE_METHOD_MATCH = YES;
				"CODE_SIGN_IDENTITY[sdk=iphoneos*]" = "iPhone Developer";
				COPY_PHASE_STRIP = YES;
				ENABLE_NS_ASSERTIONS = NO;
				ENABLE_STRICT_OBJC_MSGSEND = YES;
				GCC_C_LANGUAGE_STANDARD = gnu99;
				GCC_WARN_64_TO_32_BIT_CONVERSION = YES;
				GCC_WARN_ABOUT_RETURN_TYPE = YES_ERROR;
				GCC_WARN_UNDECLARED_SELECTOR = YES;
				GCC_WARN_UNINITIALIZED_AUTOS = YES_AGGRESSIVE;
				GCC_WARN_UNUSED_FUNCTION = YES;
				GCC_WARN_UNUSED_VARIABLE = YES;
				IPHONEOS_DEPLOYMENT_TARGET = 8.1;
				MTL_ENABLE_DEBUG_INFO = NO;
				SDKROOT = iphoneos;
				VALIDATE_PRODUCT = YES;
			};
			name = Release;
		};
		2B28A0F21A2D25C60051AE3E /* Debug */ = {
			isa = XCBuildConfiguration;
			buildSettings = {
				ASSETCATALOG_COMPILER_APPICON_NAME = AppIcon;
				INFOPLIST_FILE = StoryboardPushSegue/Info.plist;
				LD_RUNPATH_SEARCH_PATHS = "$(inherited) @executable_path/Frameworks";
				PRODUCT_NAME = "$(TARGET_NAME)";
			};
			name = Debug;
		};
		2B28A0F31A2D25C60051AE3E /* Release */ = {
			isa = XCBuildConfiguration;
			buildSettings = {
				ASSETCATALOG_COMPILER_APPICON_NAME = AppIcon;
				INFOPLIST_FILE = StoryboardPushSegue/Info.plist;
				LD_RUNPATH_SEARCH_PATHS = "$(inherited) @executable_path/Frameworks";
				PRODUCT_NAME = "$(TARGET_NAME)";
			};
			name = Release;
		};
		2B28A0F51A2D25C60051AE3E /* Debug */ = {
			isa = XCBuildConfiguration;
			buildSettings = {
				BUNDLE_LOADER = "$(TEST_HOST)";
				FRAMEWORK_SEARCH_PATHS = (
					"$(SDKROOT)/Developer/Library/Frameworks",
					"$(inherited)",
				);
				GCC_PREPROCESSOR_DEFINITIONS = (
					"DEBUG=1",
					"$(inherited)",
				);
				INFOPLIST_FILE = StoryboardPushSegueTests/Info.plist;
				LD_RUNPATH_SEARCH_PATHS = "$(inherited) @executable_path/Frameworks @loader_path/Frameworks";
				PRODUCT_NAME = "$(TARGET_NAME)";
				TEST_HOST = "$(BUILT_PRODUCTS_DIR)/StoryboardPushSegue.app/StoryboardPushSegue";
			};
			name = Debug;
		};
		2B28A0F61A2D25C60051AE3E /* Release */ = {
			isa = XCBuildConfiguration;
			buildSettings = {
				BUNDLE_LOADER = "$(TEST_HOST)";
				FRAMEWORK_SEARCH_PATHS = (
					"$(SDKROOT)/Developer/Library/Frameworks",
					"$(inherited)",
				);
				INFOPLIST_FILE = StoryboardPushSegueTests/Info.plist;
				LD_RUNPATH_SEARCH_PATHS = "$(inherited) @executable_path/Frameworks @loader_path/Frameworks";
				PRODUCT_NAME = "$(TARGET_NAME)";
				TEST_HOST = "$(BUILT_PRODUCTS_DIR)/StoryboardPushSegue.app/StoryboardPushSegue";
			};
			name = Release;
		};
/* End XCBuildConfiguration section */

/* Begin XCConfigurationList section */
		2B28A0CD1A2D25C60051AE3E /* Build configuration list for PBXProject "StoryboardPushSegue" */ = {
			isa = XCConfigurationList;
			buildConfigurations = (
				2B28A0EF1A2D25C60051AE3E /* Debug */,
				2B28A0F01A2D25C60051AE3E /* Release */,
			);
			defaultConfigurationIsVisible = 0;
			defaultConfigurationName = Release;
		};
		2B28A0F11A2D25C60051AE3E /* Build configuration list for PBXNativeTarget "StoryboardPushSegue" */ = {
			isa = XCConfigurationList;
			buildConfigurations = (
				2B28A0F21A2D25C60051AE3E /* Debug */,
				2B28A0F31A2D25C60051AE3E /* Release */,
			);
			defaultConfigurationIsVisible = 0;
		};
		2B28A0F41A2D25C60051AE3E /* Build configuration list for PBXNativeTarget "StoryboardPushSegueTests" */ = {
			isa = XCConfigurationList;
			buildConfigurations = (
				2B28A0F51A2D25C60051AE3E /* Debug */,
				2B28A0F61A2D25C60051AE3E /* Release */,
			);
			defaultConfigurationIsVisible = 0;
		};
/* End XCConfigurationList section */
	};
	rootObject = 2B28A0CA1A2D25C60051AE3E /* Project object */;
}
